# This file is autogenerated, do not edit; changes may be undone by the next 'dep ensure'.


[[projects]]
  branch = "master"
  name = "github.com/withnic/go-gitcmdwrapper"
  packages = ["."]
  revision = "a98d0997d439b53acba65a18ec71adba9ca0982c"

[[projects]]
  branch = "v2"
  name = "gopkg.in/yaml.v2"
  packages = ["."]
  revision = "eb3733d160e74a9c7e442f435eb3bea458e1d19f"

[solve-meta]
  analyzer-name = "dep"
  analyzer-version = 1
  inputs-digest = "bc8d16330bf238fc83ef9ba6cf962ac594f162b9d22a4d624220614b9301a68e"
  solver-name = "gps-cdcl"
  solver-version = 1
