# This file is autogenerated, do not edit; changes may be undone by the next 'dep ensure'.


[[projects]]
  branch = "master"
  name = "github.com/mitchellh/go-homedir"
  packages = ["."]
  revision = "b8bc1bf767474819792c23f32d8286a45736f1c6"

[[projects]]
  branch = "master"
  name = "github.com/withnic/go-gitcmdwrapper"
  packages = ["."]
  revision = "a46b6de96056b12206bf9d5a696ab7c82d45a7b0"

[[projects]]
  branch = "v1"
  name = "gopkg.in/yaml.v1"
  packages = ["."]
  revision = "9f9df34309c04878acc86042b16630b0f696e1de"

[solve-meta]
  analyzer-name = "dep"
  analyzer-version = 1
  inputs-digest = "9e01f01600ec10429669f9c5e6dd4edb66003559a9bed823ae8c5d2902e0dc74"
  solver-name = "gps-cdcl"
  solver-version = 1
